
Microsoft Visual Studio Solution File, Format Version 12.00
Project("{FAE04EC0-301F-11D3-BF4B-00C04F79EFBC}") = "REST.NET", "REST.NET.csproj", "{BFC9686F-8C88-4FB3-AEBD-E052CA60886E}"
EndProject
Global
	GlobalSection(SolutionConfigurationPlatforms) = preSolution
		Debug|Any CPU = Debug|Any CPU
		Release|Any CPU = Release|Any CPU
	EndGlobalSection
	GlobalSection(ProjectConfigurationPlatforms) = postSolution
		{BFC9686F-8C88-4FB3-AEBD-E052CA60886E}.Debug|Any CPU.ActiveCfg = Debug|Any CPU
		{BFC9686F-8C88-4FB3-AEBD-E052CA60886E}.Debug|Any CPU.Build.0 = Debug|Any CPU
		{BFC9686F-8C88-4FB3-AEBD-E052CA60886E}.Release|Any CPU.ActiveCfg = Release|Any CPU
		{BFC9686F-8C88-4FB3-AEBD-E052CA60886E}.Release|Any CPU.Build.0 = Release|Any CPU
	EndGlobalSection
EndGlobal
